
Microsoft Visual Studio Solution File, Format Version 12.00
# Visual Studio Version 17
VisualStudioVersion = 17.9.34728.123
MinimumVisualStudioVersion = 10.0.40219.1
Project("{FAE04EC0-301F-11D3-BF4B-00C04F79EFBC}") = "GerenciamentoPedidoEstoqueChallenge.API", "GerenciamentoPedidoEstoqueChallenge.API\GerenciamentoPedidoEstoqueChallenge.API.csproj", "{1061E53F-4E8B-492E-BCA1-6444CB7EF127}"
EndProject
Project("{FAE04EC0-301F-11D3-BF4B-00C04F79EFBC}") = "GerenciamentoPedidoEstoqueChallenge.Domain", "GerenciamentoPedidoEstoqueChallenge.Domain\GerenciamentoPedidoEstoqueChallenge.Domain.csproj", "{7C3D69C7-765C-48ED-A43B-7E841205E81B}"
EndProject
Project("{FAE04EC0-301F-11D3-BF4B-00C04F79EFBC}") = "GerenciamentoPedidoEstoqueChallenge.Application", "GerenciamentoPedidoEstoqueChallenge.Application\GerenciamentoPedidoEstoqueChallenge.Application.csproj", "{914C1C6C-1596-46D3-8CFB-5E2024518201}"
EndProject
Project("{FAE04EC0-301F-11D3-BF4B-00C04F79EFBC}") = "GerenciamentoPedidoEstoqueChallenge.CrossCutting", "GerenciamentoPedidoEstoqueChallenge.CrossCutting\GerenciamentoPedidoEstoqueChallenge.CrossCutting.csproj", "{65D1DEDD-04E6-476F-8BC1-782FD3CCCF41}"
EndProject
Project("{FAE04EC0-301F-11D3-BF4B-00C04F79EFBC}") = "GerenciamentoPedidoEstoqueChallenge.InfraStructure", "GerenciamentoPedidoEstoqueChallenge.InfraStructure\GerenciamentoPedidoEstoqueChallenge.InfraStructure.csproj", "{5340D3D6-2038-4955-B9CF-C24F0A690492}"
EndProject
Global
	GlobalSection(SolutionConfigurationPlatforms) = preSolution
		Debug|Any CPU = Debug|Any CPU
		Release|Any CPU = Release|Any CPU
	EndGlobalSection
	GlobalSection(ProjectConfigurationPlatforms) = postSolution
		{1061E53F-4E8B-492E-BCA1-6444CB7EF127}.Debug|Any CPU.ActiveCfg = Debug|Any CPU
		{1061E53F-4E8B-492E-BCA1-6444CB7EF127}.Debug|Any CPU.Build.0 = Debug|Any CPU
		{1061E53F-4E8B-492E-BCA1-6444CB7EF127}.Release|Any CPU.ActiveCfg = Release|Any CPU
		{1061E53F-4E8B-492E-BCA1-6444CB7EF127}.Release|Any CPU.Build.0 = Release|Any CPU
		{7C3D69C7-765C-48ED-A43B-7E841205E81B}.Debug|Any CPU.ActiveCfg = Debug|Any CPU
		{7C3D69C7-765C-48ED-A43B-7E841205E81B}.Debug|Any CPU.Build.0 = Debug|Any CPU
		{7C3D69C7-765C-48ED-A43B-7E841205E81B}.Release|Any CPU.ActiveCfg = Release|Any CPU
		{7C3D69C7-765C-48ED-A43B-7E841205E81B}.Release|Any CPU.Build.0 = Release|Any CPU
		{914C1C6C-1596-46D3-8CFB-5E2024518201}.Debug|Any CPU.ActiveCfg = Debug|Any CPU
		{914C1C6C-1596-46D3-8CFB-5E2024518201}.Debug|Any CPU.Build.0 = Debug|Any CPU
		{914C1C6C-1596-46D3-8CFB-5E2024518201}.Release|Any CPU.ActiveCfg = Release|Any CPU
		{914C1C6C-1596-46D3-8CFB-5E2024518201}.Release|Any CPU.Build.0 = Release|Any CPU
		{65D1DEDD-04E6-476F-8BC1-782FD3CCCF41}.Debug|Any CPU.ActiveCfg = Debug|Any CPU
		{65D1DEDD-04E6-476F-8BC1-782FD3CCCF41}.Debug|Any CPU.Build.0 = Debug|Any CPU
		{65D1DEDD-04E6-476F-8BC1-782FD3CCCF41}.Release|Any CPU.ActiveCfg = Release|Any CPU
		{65D1DEDD-04E6-476F-8BC1-782FD3CCCF41}.Release|Any CPU.Build.0 = Release|Any CPU
		{5340D3D6-2038-4955-B9CF-C24F0A690492}.Debug|Any CPU.ActiveCfg = Debug|Any CPU
		{5340D3D6-2038-4955-B9CF-C24F0A690492}.Debug|Any CPU.Build.0 = Debug|Any CPU
		{5340D3D6-2038-4955-B9CF-C24F0A690492}.Release|Any CPU.ActiveCfg = Release|Any CPU
		{5340D3D6-2038-4955-B9CF-C24F0A690492}.Release|Any CPU.Build.0 = Release|Any CPU
	EndGlobalSection
	GlobalSection(SolutionProperties) = preSolution
		HideSolutionNode = FALSE
	EndGlobalSection
	GlobalSection(ExtensibilityGlobals) = postSolution
		SolutionGuid = {0D7A8DE4-4784-4581-A454-D15F288562D7}
	EndGlobalSection
EndGlobal
